
Microsoft Visual Studio Solution File, Format Version 12.00
# Visual Studio Version 16
VisualStudioVersion = 16.0.29319.158
MinimumVisualStudioVersion = 10.0.40219.1
Project("{2150E333-8FDC-42A3-9474-1A3956D46DE8}") = "src", "src", "{209ED9A2-B7C6-4A44-8ED5-7E28C0C34BC7}"
EndProject
Project("{2150E333-8FDC-42A3-9474-1A3956D46DE8}") = "tests", "tests", "{AB3A696D-42CE-4199-BEAD-86DB53DF419D}"
EndProject
Project("{2150E333-8FDC-42A3-9474-1A3956D46DE8}") = "samples", "samples", "{248EEB64-0012-4A27-A625-0777CEFD1D57}"
EndProject
Project("{FAE04EC0-301F-11D3-BF4B-00C04F79EFBC}") = "Blazor.Mvvm.Core", "src\Blazor.Mvvm.Core\Blazor.Mvvm.Core.csproj", "{D283BEC9-C6A8-4D86-8BF2-F3BF6BBEBD71}"
EndProject
Project("{FAE04EC0-301F-11D3-BF4B-00C04F79EFBC}") = "Blazor.Mvvm.Core.Abstractions", "src\Blazor.Mvvm.Core.Abstractions\Blazor.Mvvm.Core.Abstractions.csproj", "{94575390-44AD-4643-AC31-23727BD04097}"
EndProject
Project("{FAE04EC0-301F-11D3-BF4B-00C04F79EFBC}") = "Blazor.Mvvm.Web", "src\Blazor.Mvvm.Web\Blazor.Mvvm.Web.csproj", "{660596B9-7FAB-4916-9F64-5D0AFCC4512D}"
EndProject
Project("{FAE04EC0-301F-11D3-BF4B-00C04F79EFBC}") = "Blazor.Mvvm.Caching", "src\Blazor.Mvvm.Caching\Blazor.Mvvm.Caching.csproj", "{B4363EB7-7958-4906-85E2-22F542A376C9}"
EndProject
Project("{FAE04EC0-301F-11D3-BF4B-00C04F79EFBC}") = "Blazor.Mvvm.FluentValidation", "src\Blazor.Mvvm.FluentValidation\Blazor.Mvvm.FluentValidation.csproj", "{AE595AE7-688B-461C-9C1A-55798261DC47}"
EndProject
Project("{FAE04EC0-301F-11D3-BF4B-00C04F79EFBC}") = "Blazor.Mvvm.All", "src\Blazor.Mvvm.All\Blazor.Mvvm.All.csproj", "{743771B9-C0A1-4C13-B348-5A9A67715129}"
EndProject
Project("{9A19103F-16F7-4668-BE54-9A1E7A4F7556}") = "MyBlazorApp", "samples\MyBlazorApp\MyBlazorApp.csproj", "{1E957942-52DC-41C7-B3C3-54FD60D2CD5C}"
EndProject
Global
	GlobalSection(SolutionConfigurationPlatforms) = preSolution
		Debug|Any CPU = Debug|Any CPU
		Release|Any CPU = Release|Any CPU
	EndGlobalSection
	GlobalSection(ProjectConfigurationPlatforms) = postSolution
		{D283BEC9-C6A8-4D86-8BF2-F3BF6BBEBD71}.Debug|Any CPU.ActiveCfg = Debug|Any CPU
		{D283BEC9-C6A8-4D86-8BF2-F3BF6BBEBD71}.Debug|Any CPU.Build.0 = Debug|Any CPU
		{D283BEC9-C6A8-4D86-8BF2-F3BF6BBEBD71}.Release|Any CPU.ActiveCfg = Release|Any CPU
		{D283BEC9-C6A8-4D86-8BF2-F3BF6BBEBD71}.Release|Any CPU.Build.0 = Release|Any CPU
		{94575390-44AD-4643-AC31-23727BD04097}.Debug|Any CPU.ActiveCfg = Debug|Any CPU
		{94575390-44AD-4643-AC31-23727BD04097}.Debug|Any CPU.Build.0 = Debug|Any CPU
		{94575390-44AD-4643-AC31-23727BD04097}.Release|Any CPU.ActiveCfg = Release|Any CPU
		{94575390-44AD-4643-AC31-23727BD04097}.Release|Any CPU.Build.0 = Release|Any CPU
		{660596B9-7FAB-4916-9F64-5D0AFCC4512D}.Debug|Any CPU.ActiveCfg = Debug|Any CPU
		{660596B9-7FAB-4916-9F64-5D0AFCC4512D}.Debug|Any CPU.Build.0 = Debug|Any CPU
		{660596B9-7FAB-4916-9F64-5D0AFCC4512D}.Release|Any CPU.ActiveCfg = Release|Any CPU
		{660596B9-7FAB-4916-9F64-5D0AFCC4512D}.Release|Any CPU.Build.0 = Release|Any CPU
		{B4363EB7-7958-4906-85E2-22F542A376C9}.Debug|Any CPU.ActiveCfg = Debug|Any CPU
		{B4363EB7-7958-4906-85E2-22F542A376C9}.Debug|Any CPU.Build.0 = Debug|Any CPU
		{B4363EB7-7958-4906-85E2-22F542A376C9}.Release|Any CPU.ActiveCfg = Release|Any CPU
		{B4363EB7-7958-4906-85E2-22F542A376C9}.Release|Any CPU.Build.0 = Release|Any CPU
		{AE595AE7-688B-461C-9C1A-55798261DC47}.Debug|Any CPU.ActiveCfg = Debug|Any CPU
		{AE595AE7-688B-461C-9C1A-55798261DC47}.Debug|Any CPU.Build.0 = Debug|Any CPU
		{AE595AE7-688B-461C-9C1A-55798261DC47}.Release|Any CPU.ActiveCfg = Release|Any CPU
		{AE595AE7-688B-461C-9C1A-55798261DC47}.Release|Any CPU.Build.0 = Release|Any CPU
		{743771B9-C0A1-4C13-B348-5A9A67715129}.Debug|Any CPU.ActiveCfg = Debug|Any CPU
		{743771B9-C0A1-4C13-B348-5A9A67715129}.Debug|Any CPU.Build.0 = Debug|Any CPU
		{743771B9-C0A1-4C13-B348-5A9A67715129}.Release|Any CPU.ActiveCfg = Release|Any CPU
		{743771B9-C0A1-4C13-B348-5A9A67715129}.Release|Any CPU.Build.0 = Release|Any CPU
		{1E957942-52DC-41C7-B3C3-54FD60D2CD5C}.Debug|Any CPU.ActiveCfg = Debug|Any CPU
		{1E957942-52DC-41C7-B3C3-54FD60D2CD5C}.Debug|Any CPU.Build.0 = Debug|Any CPU
		{1E957942-52DC-41C7-B3C3-54FD60D2CD5C}.Release|Any CPU.ActiveCfg = Release|Any CPU
		{1E957942-52DC-41C7-B3C3-54FD60D2CD5C}.Release|Any CPU.Build.0 = Release|Any CPU
	EndGlobalSection
	GlobalSection(SolutionProperties) = preSolution
		HideSolutionNode = FALSE
	EndGlobalSection
	GlobalSection(NestedProjects) = preSolution
		{D283BEC9-C6A8-4D86-8BF2-F3BF6BBEBD71} = {209ED9A2-B7C6-4A44-8ED5-7E28C0C34BC7}
		{94575390-44AD-4643-AC31-23727BD04097} = {209ED9A2-B7C6-4A44-8ED5-7E28C0C34BC7}
		{660596B9-7FAB-4916-9F64-5D0AFCC4512D} = {209ED9A2-B7C6-4A44-8ED5-7E28C0C34BC7}
		{B4363EB7-7958-4906-85E2-22F542A376C9} = {209ED9A2-B7C6-4A44-8ED5-7E28C0C34BC7}
		{AE595AE7-688B-461C-9C1A-55798261DC47} = {209ED9A2-B7C6-4A44-8ED5-7E28C0C34BC7}
		{743771B9-C0A1-4C13-B348-5A9A67715129} = {209ED9A2-B7C6-4A44-8ED5-7E28C0C34BC7}
		{1E957942-52DC-41C7-B3C3-54FD60D2CD5C} = {248EEB64-0012-4A27-A625-0777CEFD1D57}
	EndGlobalSection
	GlobalSection(ExtensibilityGlobals) = postSolution
		SolutionGuid = {9A51611C-FAD6-49DC-8285-9F00770384DA}
	EndGlobalSection
EndGlobal
